
Microsoft Visual Studio Solution File, Format Version 11.00
# Visual Studio 2010
Project("{FAE04EC0-301F-11D3-BF4B-00C04F79EFBC}") = "Assembly-CSharp", "Assembly-CSharp.csproj", "{9325F02F-B948-D00B-CD1A-66040C7DC3E0}"
EndProject
Project("{FAE04EC0-301F-11D3-BF4B-00C04F79EFBC}") = "Assembly-CSharp-Editor", "Assembly-CSharp-Editor.csproj", "{9EBF1EE5-1684-439C-88F0-404BC7355011}"
EndProject
Global
	GlobalSection(SolutionConfigurationPlatforms) = preSolution
		Debug|Any CPU = Debug|Any CPU
		Release|Any CPU = Release|Any CPU
	EndGlobalSection
	GlobalSection(ProjectConfigurationPlatforms) = postSolution
		{9325F02F-B948-D00B-CD1A-66040C7DC3E0}.Debug|Any CPU.ActiveCfg = Debug|Any CPU
		{9325F02F-B948-D00B-CD1A-66040C7DC3E0}.Debug|Any CPU.Build.0 = Debug|Any CPU
		{9325F02F-B948-D00B-CD1A-66040C7DC3E0}.Release|Any CPU.ActiveCfg = Release|Any CPU
		{9325F02F-B948-D00B-CD1A-66040C7DC3E0}.Release|Any CPU.Build.0 = Release|Any CPU
		{9EBF1EE5-1684-439C-88F0-404BC7355011}.Debug|Any CPU.ActiveCfg = Debug|Any CPU
		{9EBF1EE5-1684-439C-88F0-404BC7355011}.Debug|Any CPU.Build.0 = Debug|Any CPU
		{9EBF1EE5-1684-439C-88F0-404BC7355011}.Release|Any CPU.ActiveCfg = Release|Any CPU
		{9EBF1EE5-1684-439C-88F0-404BC7355011}.Release|Any CPU.Build.0 = Release|Any CPU
	EndGlobalSection
	GlobalSection(SolutionProperties) = preSolution
		HideSolutionNode = FALSE
	EndGlobalSection
	GlobalSection(MonoDevelopProperties) = preSolution
		StartupItem = Assembly-CSharp.csproj
	EndGlobalSection
EndGlobal
